<?xml version="1.0" encoding="utf-8"?>
<Project ToolsVersion="4.0" xmlns="http://schemas.microsoft.com/developer/msbuild/2003">
  <ItemGroup>
    <Filter Include="Source Files">
      <UniqueIdentifier>{4FC737F1-C7A5-4376-A066-2A32D752A2FF}</UniqueIdentifier>
      <Extensions>cpp;c;cc;cxx;c++;def;odl;idl;hpj;bat;asm;asmx</Extensions>
    </Filter>
    <Filter Include="Header Files">
      <UniqueIdentifier>{93995380-89BD-4b04-88EB-625FBE52EBFB}</UniqueIdentifier>
      <Extensions>h;hh;hpp;hxx;h++;hm;inl;inc;ipp;xsd</Extensions>
    </Filter>
    <Filter Include="Resource Files">
      <UniqueIdentifier>{67DA6AB6-F800-4c08-8B7A-83BB121AAD01}</UniqueIdentifier>
      <Extensions>rc;ico;cur;bmp;dlg;rc2;rct;bin;rgs;gif;jpg;jpeg;jpe;resx;tiff;tif;png;wav;mfcribbon-ms</Extensions>
    </Filter>
  </ItemGroup>
  <ItemGroup>
    <ClCompile Include="main.cpp">
      <Filter>Source Files</Filter>
    </ClCompile>
    <ClCompile Include="Game.cpp">
      <Filter>Source Files</Filter>
    </ClCompile>
    <ClCompile Include="Misc\Collider.cpp">
      <Filter>Source Files</Filter>
    </ClCompile>
    <ClCompile Include="Misc\Constants.cpp">
      <Filter>Source Files</Filter>
    </ClCompile>
    <ClCompile Include="Misc\GlobalObjects.cpp">
      <Filter>Source Files</Filter>
    </ClCompile>
    <ClCompile Include="Misc\MenuButton.cpp">
      <Filter>Source Files</Filter>
    </ClCompile>
    <ClCompile Include="Mapping\Camera.cpp">
      <Filter>Source Files</Filter>
    </ClCompile>
    <ClCompile Include="Mapping\Map.cpp">
      <Filter>Source Files</Filter>
    </ClCompile>
    <ClCompile Include="Mapping\Tile.cpp">
      <Filter>Source Files</Filter>
    </ClCompile>
    <ClCompile Include="GameStates\SMainMenu.cpp">
      <Filter>Source Files</Filter>
    </ClCompile>
    <ClCompile Include="GameStates\SPlayGame.cpp">
      <Filter>Source Files</Filter>
    </ClCompile>
    <ClCompile Include="GameStates\StateMachine.cpp">
      <Filter>Source Files</Filter>
    </ClCompile>
    <ClCompile Include="Entities\Character.cpp">
      <Filter>Source Files</Filter>
    </ClCompile>
    <ClCompile Include="Entities\GameObject.cpp">
      <Filter>Source Files</Filter>
    </ClCompile>
    <ClCompile Include="Entities\Player.cpp">
      <Filter>Source Files</Filter>
    </ClCompile>
    <ClCompile Include="Entities\TextureObject.cpp">
      <Filter>Source Files</Filter>
    </ClCompile>
    <ClCompile Include="GameStates\SSettings.cpp">
      <Filter>Source Files</Filter>
    </ClCompile>
    <ClCompile Include="Wrappers\WTexture.cpp">
      <Filter>Source Files</Filter>
    </ClCompile>
    <ClCompile Include="Wrappers\WTimer.cpp">
      <Filter>Source Files</Filter>
    </ClCompile>
    <ClCompile Include="Wrappers\WWindow.cpp">
      <Filter>Source Files</Filter>
    </ClCompile>
    <ClCompile Include="GameStates\SPaused.cpp">
      <Filter>Source Files</Filter>
    </ClCompile>
    <ClCompile Include="Entities\GroundedCharacter.cpp">
      <Filter>Source Files</Filter>
    </ClCompile>
    <ClCompile Include="Entities\MeleeObject.cpp">
      <Filter>Source Files</Filter>
    </ClCompile>
    <ClCompile Include="Misc\MultiCollider.cpp">
      <Filter>Source Files</Filter>
    </ClCompile>
    <ClCompile Include="Entities\GroundedEnemy.cpp">
      <Filter>Source Files</Filter>
    </ClCompile>
    <ClCompile Include="Entities\GameObjectManager.cpp">
      <Filter>Source Files</Filter>
    </ClCompile>
    <ClCompile Include="Entities\Slime.cpp">
      <Filter>Source Files</Filter>
    </ClCompile>
    <ClCompile Include="Entities\Bat.cpp">
      <Filter>Source Files</Filter>
    </ClCompile>
    <ClCompile Include="Entities\FlyingCharacter.cpp">
      <Filter>Source Files</Filter>
    </ClCompile>
    <ClCompile Include="Entities\FlyingEnemy.cpp">
      <Filter>Source Files</Filter>
    </ClCompile>
    <ClCompile Include="GameStates\SGameOver.cpp">
      <Filter>Source Files</Filter>
    </ClCompile>
    <ClCompile Include="Entities\PlayerBoomerang.cpp">
      <Filter>Source Files</Filter>
    </ClCompile>
    <ClCompile Include="Entities\Projectile.cpp">
      <Filter>Source Files</Filter>
    </ClCompile>
    <ClCompile Include="Misc\UserInterface.cpp">
      <Filter>Source Files</Filter>
    </ClCompile>
    <ClCompile Include="Mapping\MapChunkLoader.cpp">
      <Filter>Source Files</Filter>
    </ClCompile>
    <ClCompile Include="Misc\Random.cpp">
      <Filter>Source Files</Filter>
    </ClCompile>
    <ClCompile Include="Entities\PlayerSwingAttack.cpp">
      <Filter>Source Files</Filter>
    </ClCompile>
    <ClCompile Include="Entities\PlayerDownAttack.cpp">
      <Filter>Source Files</Filter>
    </ClCompile>
    <ClCompile Include="Entities\PlayerStabAttack.cpp">
      <Filter>Source Files</Filter>
    </ClCompile>
    <ClCompile Include="Entities\FloatingSkull.cpp">
      <Filter>Source Files</Filter>
    </ClCompile>
    <ClCompile Include="Entities\FloatingSkullShot.cpp">
      <Filter>Source Files</Filter>
    </ClCompile>
    <ClCompile Include="Entities\EnemyProjectile.cpp">
      <Filter>Source Files</Filter>
    </ClCompile>
    <ClCompile Include="Entities\Spider.cpp">
      <Filter>Source Files</Filter>
    </ClCompile>
    <ClCompile Include="Entities\SpiderShot.cpp">
      <Filter>Source Files</Filter>
    </ClCompile>
    <ClCompile Include="Misc\SoundEffect.cpp">
      <Filter>Source Files</Filter>
    </ClCompile>
    <ClCompile Include="Entities\MoneyProjectile.cpp">
      <Filter>Source Files</Filter>
    </ClCompile>
    <ClCompile Include="Entities\Item.cpp">
      <Filter>Source Files</Filter>
    </ClCompile>
    <ClCompile Include="GameStates\GameState.cpp">
      <Filter>Source Files</Filter>
    </ClCompile>
  </ItemGroup>
  <ItemGroup>
    <ClInclude Include="Game.h">
      <Filter>Header Files</Filter>
    </ClInclude>
    <ClInclude Include="Entities\Character.h">
      <Filter>Header Files</Filter>
    </ClInclude>
    <ClInclude Include="Entities\GameObject.h">
      <Filter>Header Files</Filter>
    </ClInclude>
    <ClInclude Include="Entities\Player.h">
      <Filter>Header Files</Filter>
    </ClInclude>
    <ClInclude Include="Entities\TextureObject.h">
      <Filter>Header Files</Filter>
    </ClInclude>
    <ClInclude Include="GameStates\GameState.h">
      <Filter>Header Files</Filter>
    </ClInclude>
    <ClInclude Include="GameStates\SMainMenu.h">
      <Filter>Header Files</Filter>
    </ClInclude>
    <ClInclude Include="GameStates\SPlayGame.h">
      <Filter>Header Files</Filter>
    </ClInclude>
    <ClInclude Include="GameStates\StateMachine.h">
      <Filter>Header Files</Filter>
    </ClInclude>
    <ClInclude Include="Mapping\Camera.h">
      <Filter>Header Files</Filter>
    </ClInclude>
    <ClInclude Include="Mapping\Map.h">
      <Filter>Header Files</Filter>
    </ClInclude>
    <ClInclude Include="Mapping\Tile.h">
      <Filter>Header Files</Filter>
    </ClInclude>
    <ClInclude Include="Misc\Collider.h">
      <Filter>Header Files</Filter>
    </ClInclude>
    <ClInclude Include="Misc\Constants.h">
      <Filter>Header Files</Filter>
    </ClInclude>
    <ClInclude Include="Misc\GlobalObjects.h">
      <Filter>Header Files</Filter>
    </ClInclude>
    <ClInclude Include="Misc\MenuButton.h">
      <Filter>Header Files</Filter>
    </ClInclude>
    <ClInclude Include="Misc\Vector2D.h">
      <Filter>Header Files</Filter>
    </ClInclude>
    <ClInclude Include="GameStates\SSettings.h">
      <Filter>Header Files</Filter>
    </ClInclude>
    <ClInclude Include="GameStates\SPaused.h">
      <Filter>Header Files</Filter>
    </ClInclude>
    <ClInclude Include="Wrappers\WWindow.h">
      <Filter>Header Files</Filter>
    </ClInclude>
    <ClInclude Include="Wrappers\WTexture.h">
      <Filter>Header Files</Filter>
    </ClInclude>
    <ClInclude Include="Entities\GroundedCharacter.h">
      <Filter>Header Files</Filter>
    </ClInclude>
    <ClInclude Include="Entities\MeleeObject.h">
      <Filter>Header Files</Filter>
    </ClInclude>
    <ClInclude Include="Misc\MultiCollider.h">
      <Filter>Header Files</Filter>
    </ClInclude>
    <ClInclude Include="Wrappers\WTimer.h">
      <Filter>Header Files</Filter>
    </ClInclude>
    <ClInclude Include="Entities\GroundedEnemy.h">
      <Filter>Header Files</Filter>
    </ClInclude>
    <ClInclude Include="Entities\GameObjectManager.h">
      <Filter>Header Files</Filter>
    </ClInclude>
    <ClInclude Include="Entities\Slime.h">
      <Filter>Header Files</Filter>
    </ClInclude>
    <ClInclude Include="Entities\Bat.h">
      <Filter>Header Files</Filter>
    </ClInclude>
    <ClInclude Include="Entities\FlyingCharacter.h">
      <Filter>Header Files</Filter>
    </ClInclude>
    <ClInclude Include="Entities\FlyingEnemy.h">
      <Filter>Header Files</Filter>
    </ClInclude>
    <ClInclude Include="GameStates\SGameOver.h">
      <Filter>Header Files</Filter>
    </ClInclude>
    <ClInclude Include="Entities\PlayerBoomerang.h">
      <Filter>Header Files</Filter>
    </ClInclude>
    <ClInclude Include="Entities\Projectile.h">
      <Filter>Header Files</Filter>
    </ClInclude>
    <ClInclude Include="Misc\UserInterface.h">
      <Filter>Header Files</Filter>
    </ClInclude>
    <ClInclude Include="Mapping\MapChunkLoader.h">
      <Filter>Header Files</Filter>
    </ClInclude>
    <ClInclude Include="Misc\Random.h">
      <Filter>Header Files</Filter>
    </ClInclude>
    <ClInclude Include="Entities\PlayerSwingAttack.h">
      <Filter>Header Files</Filter>
    </ClInclude>
    <ClInclude Include="Entities\PlayerDownAttack.h">
      <Filter>Header Files</Filter>
    </ClInclude>
    <ClInclude Include="Entities\PlayerStabAttack.h">
      <Filter>Header Files</Filter>
    </ClInclude>
    <ClInclude Include="Entities\FloatingSkull.h">
      <Filter>Header Files</Filter>
    </ClInclude>
    <ClInclude Include="Entities\FloatingSkullShot.h">
      <Filter>Header Files</Filter>
    </ClInclude>
    <ClInclude Include="Entities\EnemyProjectile.h">
      <Filter>Header Files</Filter>
    </ClInclude>
    <ClInclude Include="Entities\Spider.h">
      <Filter>Header Files</Filter>
    </ClInclude>
    <ClInclude Include="Entities\SpiderShot.h">
      <Filter>Header Files</Filter>
    </ClInclude>
    <ClInclude Include="Misc\SoundEffect.h">
      <Filter>Header Files</Filter>
    </ClInclude>
    <ClInclude Include="Entities\MoneyProjectile.h">
      <Filter>Header Files</Filter>
    </ClInclude>
    <ClInclude Include="Entities\Item.h">
      <Filter>Header Files</Filter>
    </ClInclude>
  </ItemGroup>
</Project>